
Microsoft Visual Studio Solution File, Format Version 12.00
# Visual Studio Version 17
VisualStudioVersion = 17.9.34701.34
MinimumVisualStudioVersion = 10.0.40219.1
Project("{FAE04EC0-301F-11D3-BF4B-00C04F79EFBC}") = "arbol_de_busqueda_inaria", "arbol_de_busqueda_inaria.csproj", "{F719B5D9-618D-4C66-A394-7E91C012D5FD}"
EndProject
Global
	GlobalSection(SolutionConfigurationPlatforms) = preSolution
		Debug|Any CPU = Debug|Any CPU
		Release|Any CPU = Release|Any CPU
	EndGlobalSection
	GlobalSection(ProjectConfigurationPlatforms) = postSolution
		{F719B5D9-618D-4C66-A394-7E91C012D5FD}.Debug|Any CPU.ActiveCfg = Debug|Any CPU
		{F719B5D9-618D-4C66-A394-7E91C012D5FD}.Debug|Any CPU.Build.0 = Debug|Any CPU
		{F719B5D9-618D-4C66-A394-7E91C012D5FD}.Release|Any CPU.ActiveCfg = Release|Any CPU
		{F719B5D9-618D-4C66-A394-7E91C012D5FD}.Release|Any CPU.Build.0 = Release|Any CPU
	EndGlobalSection
	GlobalSection(SolutionProperties) = preSolution
		HideSolutionNode = FALSE
	EndGlobalSection
	GlobalSection(ExtensibilityGlobals) = postSolution
		SolutionGuid = {7D24FB25-2B27-483C-9A3E-1A80DEA3720C}
	EndGlobalSection
EndGlobal
