
Microsoft Visual Studio Solution File, Format Version 12.00
# Visual Studio Version 17
VisualStudioVersion = 17.9.34701.34
MinimumVisualStudioVersion = 10.0.40219.1
Project("{FAE04EC0-301F-11D3-BF4B-00C04F79EFBC}") = "semana7colas2", "semana7colas2\semana7colas2.csproj", "{CA739C21-4374-4115-8958-E8F078041FBF}"
EndProject
Global
	GlobalSection(SolutionConfigurationPlatforms) = preSolution
		Debug|Any CPU = Debug|Any CPU
		Release|Any CPU = Release|Any CPU
	EndGlobalSection
	GlobalSection(ProjectConfigurationPlatforms) = postSolution
		{CA739C21-4374-4115-8958-E8F078041FBF}.Debug|Any CPU.ActiveCfg = Debug|Any CPU
		{CA739C21-4374-4115-8958-E8F078041FBF}.Debug|Any CPU.Build.0 = Debug|Any CPU
		{CA739C21-4374-4115-8958-E8F078041FBF}.Release|Any CPU.ActiveCfg = Release|Any CPU
		{CA739C21-4374-4115-8958-E8F078041FBF}.Release|Any CPU.Build.0 = Release|Any CPU
	EndGlobalSection
	GlobalSection(SolutionProperties) = preSolution
		HideSolutionNode = FALSE
	EndGlobalSection
	GlobalSection(ExtensibilityGlobals) = postSolution
		SolutionGuid = {F4352A9E-53BC-4FD9-B1F8-6771337D11F0}
	EndGlobalSection
EndGlobal
